
Microsoft Visual Studio Solution File, Format Version 12.00
# Visual Studio 15
VisualStudioVersion = 15.0.27428.2037
MinimumVisualStudioVersion = 10.0.40219.1
Project("{F184B08F-C81C-45F6-A57F-5ABD9991F28F}") = "PACP Updater", "PACP Updater.vbproj", "{20C4CF04-F404-44FF-B0D1-7388FB8E96FB}"
EndProject
Global
	GlobalSection(SolutionConfigurationPlatforms) = preSolution
		Debug|x86 = Debug|x86
		Release|x86 = Release|x86
	EndGlobalSection
	GlobalSection(ProjectConfigurationPlatforms) = postSolution
		{20C4CF04-F404-44FF-B0D1-7388FB8E96FB}.Debug|x86.ActiveCfg = Debug|x86
		{20C4CF04-F404-44FF-B0D1-7388FB8E96FB}.Debug|x86.Build.0 = Debug|x86
		{20C4CF04-F404-44FF-B0D1-7388FB8E96FB}.Release|x86.ActiveCfg = Release|x86
		{20C4CF04-F404-44FF-B0D1-7388FB8E96FB}.Release|x86.Build.0 = Release|x86
	EndGlobalSection
	GlobalSection(SolutionProperties) = preSolution
		HideSolutionNode = FALSE
	EndGlobalSection
	GlobalSection(ExtensibilityGlobals) = postSolution
		SolutionGuid = {2E7F0838-16EF-422B-A732-BEC8EE54C87E}
	EndGlobalSection
EndGlobal
